{
  "name": "prisma-client-465b27f3c673b64ec72ef9c0eac55c1ba851606e4edea62e210cd2253a2fb8a5",
  "version": "6.7.0",
  "lockfileVersion": 3,
  "requires": true,
  "packages": {
    "": {
      "name": "prisma-client-465b27f3c673b64ec72ef9c0eac55c1ba851606e4edea62e210cd2253a2fb8a5",
      "version": "6.7.0",
      "dependencies": {
        "prisma-client-465b27f3c673b64ec72ef9c0eac55c1ba851606e4edea62e210cd2253a2fb8a5": "file:"
      }
    },
    "node_modules/prisma-client-465b27f3c673b64ec72ef9c0eac55c1ba851606e4edea62e210cd2253a2fb8a5": {
      "resolved": "",
      "link": true
    }
  }
}
