{
  "name": "prisma-client-3bf982713b2b424192afa3e6d9db4ff67ee91ccc05e17596935a59b88ffa69ec",
  "version": "6.7.0",
  "lockfileVersion": 3,
  "requires": true,
  "packages": {
    "": {
      "name": "prisma-client-3bf982713b2b424192afa3e6d9db4ff67ee91ccc05e17596935a59b88ffa69ec",
      "version": "6.7.0",
      "dependencies": {
        "prisma-client-3bf982713b2b424192afa3e6d9db4ff67ee91ccc05e17596935a59b88ffa69ec": "file:"
      }
    },
    "node_modules/prisma-client-3bf982713b2b424192afa3e6d9db4ff67ee91ccc05e17596935a59b88ffa69ec": {
      "resolved": "",
      "link": true
    }
  }
}
