{
  "name": "@leaves-word/utils",
  "version": "1.0.14",
  "lockfileVersion": 3,
  "requires": true,
  "packages": {
    "": {
      "name": "@leaves-word/utils",
      "version": "1.0.14",
      "license": "MPL-2.0",
      "dependencies": {
        "@leaves-word/utils": "file:",
        "path-browserify": "^1.0.1"
      }
    },
    "../../node_modules/.pnpm/path-browserify@1.0.1/node_modules/path-browserify": {
      "version": "1.0.1",
      "license": "MIT",
      "devDependencies": {
        "tape": "^4.9.0"
      }
    },
    "node_modules/@leaves-word/utils": {
      "resolved": "",
      "link": true
    },
    "node_modules/path-browserify": {
      "resolved": "../../node_modules/.pnpm/path-browserify@1.0.1/node_modules/path-browserify",
      "link": true
    }
  }
}
